
Microsoft Visual Studio Solution File, Format Version 12.00
# Visual Studio Version 16
VisualStudioVersion = 16.0.30804.86
MinimumVisualStudioVersion = 10.0.40219.1
Project("{9A19103F-16F7-4668-BE54-9A1E7A4F7556}") = "CEC.Blazor.SPA", "CEC.Blazor.SPA\CEC.Blazor.SPA.csproj", "{9BCEF9B1-003E-4E94-BBDD-EDBB21A9FC42}"
EndProject
Project("{9A19103F-16F7-4668-BE54-9A1E7A4F7556}") = "CEC.Weather", "CEC.Weather\CEC.Weather.csproj", "{3B38B613-B29D-45A0-A0C9-E025BDDA7E15}"
EndProject
Project("{9A19103F-16F7-4668-BE54-9A1E7A4F7556}") = "CEC.Weather.WASM.Client", "CEC.Weather.WASM.Client\CEC.Weather.WASM.Client.csproj", "{6780C66A-5B4A-4C7C-9070-75C053621DE1}"
EndProject
Project("{9A19103F-16F7-4668-BE54-9A1E7A4F7556}") = "CEC.Weather.WASM.Server", "CEC.Weather.WASM.Server\CEC.Weather.WASM.Server.csproj", "{BA4E5C0B-794A-4CA8-AAB0-AA1F77FEF7E2}"
EndProject
Project("{9A19103F-16F7-4668-BE54-9A1E7A4F7556}") = "CEC.Weather.Server", "CEC.Weather.Server\CEC.Weather.Server.csproj", "{6B05B37B-8437-438B-AEB5-50B1152748B6}"
EndProject
Global
	GlobalSection(SolutionConfigurationPlatforms) = preSolution
		Debug|Any CPU = Debug|Any CPU
		Release|Any CPU = Release|Any CPU
	EndGlobalSection
	GlobalSection(ProjectConfigurationPlatforms) = postSolution
		{9BCEF9B1-003E-4E94-BBDD-EDBB21A9FC42}.Debug|Any CPU.ActiveCfg = Debug|Any CPU
		{9BCEF9B1-003E-4E94-BBDD-EDBB21A9FC42}.Debug|Any CPU.Build.0 = Debug|Any CPU
		{9BCEF9B1-003E-4E94-BBDD-EDBB21A9FC42}.Release|Any CPU.ActiveCfg = Release|Any CPU
		{9BCEF9B1-003E-4E94-BBDD-EDBB21A9FC42}.Release|Any CPU.Build.0 = Release|Any CPU
		{3B38B613-B29D-45A0-A0C9-E025BDDA7E15}.Debug|Any CPU.ActiveCfg = Debug|Any CPU
		{3B38B613-B29D-45A0-A0C9-E025BDDA7E15}.Debug|Any CPU.Build.0 = Debug|Any CPU
		{3B38B613-B29D-45A0-A0C9-E025BDDA7E15}.Release|Any CPU.ActiveCfg = Release|Any CPU
		{3B38B613-B29D-45A0-A0C9-E025BDDA7E15}.Release|Any CPU.Build.0 = Release|Any CPU
		{6780C66A-5B4A-4C7C-9070-75C053621DE1}.Debug|Any CPU.ActiveCfg = Debug|Any CPU
		{6780C66A-5B4A-4C7C-9070-75C053621DE1}.Debug|Any CPU.Build.0 = Debug|Any CPU
		{6780C66A-5B4A-4C7C-9070-75C053621DE1}.Release|Any CPU.ActiveCfg = Release|Any CPU
		{6780C66A-5B4A-4C7C-9070-75C053621DE1}.Release|Any CPU.Build.0 = Release|Any CPU
		{BA4E5C0B-794A-4CA8-AAB0-AA1F77FEF7E2}.Debug|Any CPU.ActiveCfg = Debug|Any CPU
		{BA4E5C0B-794A-4CA8-AAB0-AA1F77FEF7E2}.Debug|Any CPU.Build.0 = Debug|Any CPU
		{BA4E5C0B-794A-4CA8-AAB0-AA1F77FEF7E2}.Release|Any CPU.ActiveCfg = Release|Any CPU
		{BA4E5C0B-794A-4CA8-AAB0-AA1F77FEF7E2}.Release|Any CPU.Build.0 = Release|Any CPU
		{6B05B37B-8437-438B-AEB5-50B1152748B6}.Debug|Any CPU.ActiveCfg = Debug|Any CPU
		{6B05B37B-8437-438B-AEB5-50B1152748B6}.Debug|Any CPU.Build.0 = Debug|Any CPU
		{6B05B37B-8437-438B-AEB5-50B1152748B6}.Release|Any CPU.ActiveCfg = Release|Any CPU
		{6B05B37B-8437-438B-AEB5-50B1152748B6}.Release|Any CPU.Build.0 = Release|Any CPU
	EndGlobalSection
	GlobalSection(SolutionProperties) = preSolution
		HideSolutionNode = FALSE
	EndGlobalSection
	GlobalSection(ExtensibilityGlobals) = postSolution
		SolutionGuid = {DEFB5941-E3CA-4B8C-B5B9-A41F59D245C0}
	EndGlobalSection
EndGlobal
